Microsoft Visual Studio Solution File, Format Version 12.00
# Visual Studio 16
Project("{2150E333-8FDC-42A3-9474-1A3956D46DE8}") = "CMakePredefinedTargets", "CMakePredefinedTargets", "{3C08E29D-C716-3B9E-A639-46BB8835D1D6}"
EndProject
Project("{2150E333-8FDC-42A3-9474-1A3956D46DE8}") = "GLFW3", "GLFW3", "{1E4D85E6-74CC-3C51-A55E-6A4A6120A296}"
EndProject
Project("{8BC9CEB8-8B4A-11D0-8D11-00A0C91BC942}") = "ALL_BUILD", "ALL_BUILD.vcxproj", "{E15F314B-ADC4-3180-8388-8B54D8E9DAE1}"
	ProjectSection(ProjectDependencies) = postProject
		{FA9F3BE8-F4DD-3BD4-A986-CC0318BB34C0} = {FA9F3BE8-F4DD-3BD4-A986-CC0318BB34C0}
		{3FB3A7B0-90BA-3B4E-B2A0-7825B94DFD98} = {3FB3A7B0-90BA-3B4E-B2A0-7825B94DFD98}
	EndProjectSection
EndProject
Project("{8BC9CEB8-8B4A-11D0-8D11-00A0C91BC942}") = "ZERO_CHECK", "..\\ZERO_CHECK.vcxproj", "{FA9F3BE8-F4DD-3BD4-A986-CC0318BB34C0}"
	ProjectSection(ProjectDependencies) = postProject
	EndProjectSection
EndProject
Project("{8BC9CEB8-8B4A-11D0-8D11-00A0C91BC942}") = "glad", "..\glad\glad.vcxproj", "{FDB5937F-BA05-3AE3-BEE3-9ABD9B1D4634}"
	ProjectSection(ProjectDependencies) = postProject
		{FA9F3BE8-F4DD-3BD4-A986-CC0318BB34C0} = {FA9F3BE8-F4DD-3BD4-A986-CC0318BB34C0}
	EndProjectSection
EndProject
Project("{8BC9CEB8-8B4A-11D0-8D11-00A0C91BC942}") = "glfw", "..\glfw\src\glfw.vcxproj", "{A58557C6-4E1B-3531-8977-839BF12BFB85}"
	ProjectSection(ProjectDependencies) = postProject
		{FA9F3BE8-F4DD-3BD4-A986-CC0318BB34C0} = {FA9F3BE8-F4DD-3BD4-A986-CC0318BB34C0}
	EndProjectSection
EndProject
Project("{8BC9CEB8-8B4A-11D0-8D11-00A0C91BC942}") = "igl", "..\\igl.vcxproj", "{4D54F0B2-704B-39D2-B169-E01E00C45074}"
	ProjectSection(ProjectDependencies) = postProject
		{FA9F3BE8-F4DD-3BD4-A986-CC0318BB34C0} = {FA9F3BE8-F4DD-3BD4-A986-CC0318BB34C0}
	EndProjectSection
EndProject
Project("{8BC9CEB8-8B4A-11D0-8D11-00A0C91BC942}") = "igl_opengl", "..\\igl_opengl.vcxproj", "{AE04EA47-1F7A-31BC-A73C-4B182E1A9842}"
	ProjectSection(ProjectDependencies) = postProject
		{FA9F3BE8-F4DD-3BD4-A986-CC0318BB34C0} = {FA9F3BE8-F4DD-3BD4-A986-CC0318BB34C0}
		{FDB5937F-BA05-3AE3-BEE3-9ABD9B1D4634} = {FDB5937F-BA05-3AE3-BEE3-9ABD9B1D4634}
		{4D54F0B2-704B-39D2-B169-E01E00C45074} = {4D54F0B2-704B-39D2-B169-E01E00C45074}
	EndProjectSection
EndProject
Project("{8BC9CEB8-8B4A-11D0-8D11-00A0C91BC942}") = "igl_opengl_glfw", "..\\igl_opengl_glfw.vcxproj", "{1028358F-AD87-3686-ADB1-2078819FC294}"
	ProjectSection(ProjectDependencies) = postProject
		{FA9F3BE8-F4DD-3BD4-A986-CC0318BB34C0} = {FA9F3BE8-F4DD-3BD4-A986-CC0318BB34C0}
		{FDB5937F-BA05-3AE3-BEE3-9ABD9B1D4634} = {FDB5937F-BA05-3AE3-BEE3-9ABD9B1D4634}
		{A58557C6-4E1B-3531-8977-839BF12BFB85} = {A58557C6-4E1B-3531-8977-839BF12BFB85}
		{4D54F0B2-704B-39D2-B169-E01E00C45074} = {4D54F0B2-704B-39D2-B169-E01E00C45074}
		{AE04EA47-1F7A-31BC-A73C-4B182E1A9842} = {AE04EA47-1F7A-31BC-A73C-4B182E1A9842}
	EndProjectSection
EndProject
Project("{8BC9CEB8-8B4A-11D0-8D11-00A0C91BC942}") = "sandBox_bin", "sandBox\sandBox_bin.vcxproj", "{3FB3A7B0-90BA-3B4E-B2A0-7825B94DFD98}"
	ProjectSection(ProjectDependencies) = postProject
		{FA9F3BE8-F4DD-3BD4-A986-CC0318BB34C0} = {FA9F3BE8-F4DD-3BD4-A986-CC0318BB34C0}
		{FDB5937F-BA05-3AE3-BEE3-9ABD9B1D4634} = {FDB5937F-BA05-3AE3-BEE3-9ABD9B1D4634}
		{A58557C6-4E1B-3531-8977-839BF12BFB85} = {A58557C6-4E1B-3531-8977-839BF12BFB85}
		{4D54F0B2-704B-39D2-B169-E01E00C45074} = {4D54F0B2-704B-39D2-B169-E01E00C45074}
		{AE04EA47-1F7A-31BC-A73C-4B182E1A9842} = {AE04EA47-1F7A-31BC-A73C-4B182E1A9842}
		{1028358F-AD87-3686-ADB1-2078819FC294} = {1028358F-AD87-3686-ADB1-2078819FC294}
	EndProjectSection
EndProject
Global
	GlobalSection(SolutionConfigurationPlatforms) = preSolution
		Debug|x64 = Debug|x64
		Release|x64 = Release|x64
		MinSizeRel|x64 = MinSizeRel|x64
		RelWithDebInfo|x64 = RelWithDebInfo|x64
	EndGlobalSection
	GlobalSection(ProjectConfigurationPlatforms) = postSolution
		{E15F314B-ADC4-3180-8388-8B54D8E9DAE1}.Debug|x64.ActiveCfg = Debug|x64
		{E15F314B-ADC4-3180-8388-8B54D8E9DAE1}.Release|x64.ActiveCfg = Release|x64
		{E15F314B-ADC4-3180-8388-8B54D8E9DAE1}.MinSizeRel|x64.ActiveCfg = MinSizeRel|x64
		{E15F314B-ADC4-3180-8388-8B54D8E9DAE1}.RelWithDebInfo|x64.ActiveCfg = RelWithDebInfo|x64
		{FA9F3BE8-F4DD-3BD4-A986-CC0318BB34C0}.Debug|x64.ActiveCfg = Debug|x64
		{FA9F3BE8-F4DD-3BD4-A986-CC0318BB34C0}.Debug|x64.Build.0 = Debug|x64
		{FA9F3BE8-F4DD-3BD4-A986-CC0318BB34C0}.Release|x64.ActiveCfg = Release|x64
		{FA9F3BE8-F4DD-3BD4-A986-CC0318BB34C0}.Release|x64.Build.0 = Release|x64
		{FA9F3BE8-F4DD-3BD4-A986-CC0318BB34C0}.MinSizeRel|x64.ActiveCfg = MinSizeRel|x64
		{FA9F3BE8-F4DD-3BD4-A986-CC0318BB34C0}.MinSizeRel|x64.Build.0 = MinSizeRel|x64
		{FA9F3BE8-F4DD-3BD4-A986-CC0318BB34C0}.RelWithDebInfo|x64.ActiveCfg = RelWithDebInfo|x64
		{FA9F3BE8-F4DD-3BD4-A986-CC0318BB34C0}.RelWithDebInfo|x64.Build.0 = RelWithDebInfo|x64
		{FDB5937F-BA05-3AE3-BEE3-9ABD9B1D4634}.Debug|x64.ActiveCfg = Debug|x64
		{FDB5937F-BA05-3AE3-BEE3-9ABD9B1D4634}.Debug|x64.Build.0 = Debug|x64
		{FDB5937F-BA05-3AE3-BEE3-9ABD9B1D4634}.Release|x64.ActiveCfg = Release|x64
		{FDB5937F-BA05-3AE3-BEE3-9ABD9B1D4634}.Release|x64.Build.0 = Release|x64
		{FDB5937F-BA05-3AE3-BEE3-9ABD9B1D4634}.MinSizeRel|x64.ActiveCfg = MinSizeRel|x64
		{FDB5937F-BA05-3AE3-BEE3-9ABD9B1D4634}.MinSizeRel|x64.Build.0 = MinSizeRel|x64
		{FDB5937F-BA05-3AE3-BEE3-9ABD9B1D4634}.RelWithDebInfo|x64.ActiveCfg = RelWithDebInfo|x64
		{FDB5937F-BA05-3AE3-BEE3-9ABD9B1D4634}.RelWithDebInfo|x64.Build.0 = RelWithDebInfo|x64
		{A58557C6-4E1B-3531-8977-839BF12BFB85}.Debug|x64.ActiveCfg = Debug|x64
		{A58557C6-4E1B-3531-8977-839BF12BFB85}.Debug|x64.Build.0 = Debug|x64
		{A58557C6-4E1B-3531-8977-839BF12BFB85}.Release|x64.ActiveCfg = Release|x64
		{A58557C6-4E1B-3531-8977-839BF12BFB85}.Release|x64.Build.0 = Release|x64
		{A58557C6-4E1B-3531-8977-839BF12BFB85}.MinSizeRel|x64.ActiveCfg = MinSizeRel|x64
		{A58557C6-4E1B-3531-8977-839BF12BFB85}.MinSizeRel|x64.Build.0 = MinSizeRel|x64
		{A58557C6-4E1B-3531-8977-839BF12BFB85}.RelWithDebInfo|x64.ActiveCfg = RelWithDebInfo|x64
		{A58557C6-4E1B-3531-8977-839BF12BFB85}.RelWithDebInfo|x64.Build.0 = RelWithDebInfo|x64
		{4D54F0B2-704B-39D2-B169-E01E00C45074}.Debug|x64.ActiveCfg = Debug|x64
		{4D54F0B2-704B-39D2-B169-E01E00C45074}.Debug|x64.Build.0 = Debug|x64
		{4D54F0B2-704B-39D2-B169-E01E00C45074}.Release|x64.ActiveCfg = Release|x64
		{4D54F0B2-704B-39D2-B169-E01E00C45074}.Release|x64.Build.0 = Release|x64
		{4D54F0B2-704B-39D2-B169-E01E00C45074}.MinSizeRel|x64.ActiveCfg = MinSizeRel|x64
		{4D54F0B2-704B-39D2-B169-E01E00C45074}.MinSizeRel|x64.Build.0 = MinSizeRel|x64
		{4D54F0B2-704B-39D2-B169-E01E00C45074}.RelWithDebInfo|x64.ActiveCfg = RelWithDebInfo|x64
		{4D54F0B2-704B-39D2-B169-E01E00C45074}.RelWithDebInfo|x64.Build.0 = RelWithDebInfo|x64
		{AE04EA47-1F7A-31BC-A73C-4B182E1A9842}.Debug|x64.ActiveCfg = Debug|x64
		{AE04EA47-1F7A-31BC-A73C-4B182E1A9842}.Debug|x64.Build.0 = Debug|x64
		{AE04EA47-1F7A-31BC-A73C-4B182E1A9842}.Release|x64.ActiveCfg = Release|x64
		{AE04EA47-1F7A-31BC-A73C-4B182E1A9842}.Release|x64.Build.0 = Release|x64
		{AE04EA47-1F7A-31BC-A73C-4B182E1A9842}.MinSizeRel|x64.ActiveCfg = MinSizeRel|x64
		{AE04EA47-1F7A-31BC-A73C-4B182E1A9842}.MinSizeRel|x64.Build.0 = MinSizeRel|x64
		{AE04EA47-1F7A-31BC-A73C-4B182E1A9842}.RelWithDebInfo|x64.ActiveCfg = RelWithDebInfo|x64
		{AE04EA47-1F7A-31BC-A73C-4B182E1A9842}.RelWithDebInfo|x64.Build.0 = RelWithDebInfo|x64
		{1028358F-AD87-3686-ADB1-2078819FC294}.Debug|x64.ActiveCfg = Debug|x64
		{1028358F-AD87-3686-ADB1-2078819FC294}.Debug|x64.Build.0 = Debug|x64
		{1028358F-AD87-3686-ADB1-2078819FC294}.Release|x64.ActiveCfg = Release|x64
		{1028358F-AD87-3686-ADB1-2078819FC294}.Release|x64.Build.0 = Release|x64
		{1028358F-AD87-3686-ADB1-2078819FC294}.MinSizeRel|x64.ActiveCfg = MinSizeRel|x64
		{1028358F-AD87-3686-ADB1-2078819FC294}.MinSizeRel|x64.Build.0 = MinSizeRel|x64
		{1028358F-AD87-3686-ADB1-2078819FC294}.RelWithDebInfo|x64.ActiveCfg = RelWithDebInfo|x64
		{1028358F-AD87-3686-ADB1-2078819FC294}.RelWithDebInfo|x64.Build.0 = RelWithDebInfo|x64
		{3FB3A7B0-90BA-3B4E-B2A0-7825B94DFD98}.Debug|x64.ActiveCfg = Debug|x64
		{3FB3A7B0-90BA-3B4E-B2A0-7825B94DFD98}.Debug|x64.Build.0 = Debug|x64
		{3FB3A7B0-90BA-3B4E-B2A0-7825B94DFD98}.Release|x64.ActiveCfg = Release|x64
		{3FB3A7B0-90BA-3B4E-B2A0-7825B94DFD98}.Release|x64.Build.0 = Release|x64
		{3FB3A7B0-90BA-3B4E-B2A0-7825B94DFD98}.MinSizeRel|x64.ActiveCfg = MinSizeRel|x64
		{3FB3A7B0-90BA-3B4E-B2A0-7825B94DFD98}.MinSizeRel|x64.Build.0 = MinSizeRel|x64
		{3FB3A7B0-90BA-3B4E-B2A0-7825B94DFD98}.RelWithDebInfo|x64.ActiveCfg = RelWithDebInfo|x64
		{3FB3A7B0-90BA-3B4E-B2A0-7825B94DFD98}.RelWithDebInfo|x64.Build.0 = RelWithDebInfo|x64
	EndGlobalSection
	GlobalSection(NestedProjects) = preSolution
		{E15F314B-ADC4-3180-8388-8B54D8E9DAE1} = {3C08E29D-C716-3B9E-A639-46BB8835D1D6}
		{FA9F3BE8-F4DD-3BD4-A986-CC0318BB34C0} = {3C08E29D-C716-3B9E-A639-46BB8835D1D6}
		{A58557C6-4E1B-3531-8977-839BF12BFB85} = {1E4D85E6-74CC-3C51-A55E-6A4A6120A296}
	EndGlobalSection
	GlobalSection(ExtensibilityGlobals) = postSolution
		SolutionGuid = {99C9E013-C1BB-3E50-A830-6FF7AE4EF512}
	EndGlobalSection
	GlobalSection(ExtensibilityAddIns) = postSolution
	EndGlobalSection
EndGlobal
